# This file is automatically @generated by Cargo.
# It is not intended for manual editing.
version = 3

[[package]]
name = "common"
version = "0.1.0"

[[package]]
name = "consensus"
version = "0.1.0"

[[package]]
name = "crypto"
version = "0.1.0"

[[package]]
name = "logging"
version = "0.1.0"

[[package]]
name = "mintlayer-core"
version = "0.1.0"
dependencies = [
 "common",
 "consensus",
 "crypto",
 "logging",
 "network",
 "node",
 "p2p",
 "rpc",
 "script",
 "serialization",
 "storage",
 "wallet",
]

[[package]]
name = "network"
version = "0.1.0"

[[package]]
name = "node"
version = "0.1.0"

[[package]]
name = "p2p"
version = "0.1.0"

[[package]]
name = "rpc"
version = "0.1.0"

[[package]]
name = "script"
version = "0.1.0"

[[package]]
name = "serialization"
version = "0.1.0"

[[package]]
name = "storage"
version = "0.1.0"

[[package]]
name = "wallet"
version = "0.1.0"
