# THIS IS AN AUTOGENERATED FILE. DO NOT EDIT THIS FILE DIRECTLY.
# yarn lockfile v1


react-icons@^5.3.0:
  version "5.3.0"
  resolved "https://registry.yarnpkg.com/react-icons/-/react-icons-5.3.0.tgz#ccad07a30aebd40a89f8cfa7d82e466019203f1c"
  integrity sha512-DnUk8aFbTyQPSkCfF8dbX6kQjXA9DktMeJqfjrg6cK9vwQVMxmcA3BfP4QoiztVmEHtwlTgLFsPuH2NskKT6eg==
